
Microsoft Visual Studio Solution File, Format Version 12.00
# Visual Studio Version 16
VisualStudioVersion = 16.0.32002.261
MinimumVisualStudioVersion = 10.0.40219.1
Project("{FAE04EC0-301F-11D3-BF4B-00C04F79EFBC}") = "MySQL_ToTSQL", "MySQL_ToTSQL\MySQL_ToTSQL.csproj", "{3CE8CAC6-6538-42B1-87A5-7D27DF8B28F1}"
EndProject
Global
	GlobalSection(SolutionConfigurationPlatforms) = preSolution
		Debug|Any CPU = Debug|Any CPU
		Release|Any CPU = Release|Any CPU
	EndGlobalSection
	GlobalSection(ProjectConfigurationPlatforms) = postSolution
		{3CE8CAC6-6538-42B1-87A5-7D27DF8B28F1}.Debug|Any CPU.ActiveCfg = Debug|Any CPU
		{3CE8CAC6-6538-42B1-87A5-7D27DF8B28F1}.Debug|Any CPU.Build.0 = Debug|Any CPU
		{3CE8CAC6-6538-42B1-87A5-7D27DF8B28F1}.Release|Any CPU.ActiveCfg = Release|Any CPU
		{3CE8CAC6-6538-42B1-87A5-7D27DF8B28F1}.Release|Any CPU.Build.0 = Release|Any CPU
	EndGlobalSection
	GlobalSection(SolutionProperties) = preSolution
		HideSolutionNode = FALSE
	EndGlobalSection
	GlobalSection(ExtensibilityGlobals) = postSolution
		SolutionGuid = {6CFEE43E-A8DC-4BCD-ABED-4E69E2E444C6}
	EndGlobalSection
EndGlobal
